// !$*UTF8*$!
{
	archiveVersion = 1;
	classes = {
	};
	objectVersion = 50;
	objects = {

/* Begin PBXBuildFile section */
		20214F892411522300455EE1 /* AppDelegate.swift in Sources */ = {isa = PBXBuildFile; fileRef = 20214F882411522300455EE1 /* AppDelegate.swift */; };
		20214F8B2411522300455EE1 /* SceneDelegate.swift in Sources */ = {isa = PBXBuildFile; fileRef = 20214F8A2411522300455EE1 /* SceneDelegate.swift */; };
		20214F8D2411522300455EE1 /* ViewController.swift in Sources */ = {isa = PBXBuildFile; fileRef = 20214F8C2411522300455EE1 /* ViewController.swift */; };
		20214F902411522300455EE1 /* Main.storyboard in Resources */ = {isa = PBXBuildFile; fileRef = 20214F8E2411522300455EE1 /* Main.storyboard */; };
		20214F922411522400455EE1 /* Assets.xcassets in Resources */ = {isa = PBXBuildFile; fileRef = 20214F912411522400455EE1 /* Assets.xcassets */; };
		20214F952411522400455EE1 /* LaunchScreen.storyboard in Resources */ = {isa = PBXBuildFile; fileRef = 20214F932411522400455EE1 /* LaunchScreen.storyboard */; };
		20214FA02411522400455EE1 /* catsAndZombiesIOSTests.swift in Sources */ = {isa = PBXBuildFile; fileRef = 20214F9F2411522400455EE1 /* catsAndZombiesIOSTests.swift */; };
		20214FAB2411522400455EE1 /* catsAndZombiesIOSUITests.swift in Sources */ = {isa = PBXBuildFile; fileRef = 20214FAA2411522400455EE1 /* catsAndZombiesIOSUITests.swift */; };
/* End PBXBuildFile section */

/* Begin PBXContainerItemProxy section */
		20214F9C2411522400455EE1 /* PBXContainerItemProxy */ = {
			isa = PBXContainerItemProxy;
			containerPortal = 20214F7D2411522300455EE1 /* Project object */;
			proxyType = 1;
			remoteGlobalIDString = 20214F842411522300455EE1;
			remoteInfo = catsAndZombiesIOS;
		};
		20214FA72411522400455EE1 /* PBXContainerItemProxy */ = {
			isa = PBXContainerItemProxy;
			containerPortal = 20214F7D2411522300455EE1 /* Project object */;
			proxyType = 1;
			remoteGlobalIDString = 20214F842411522300455EE1;
			remoteInfo = catsAndZombiesIOS;
		};
/* End PBXContainerItemProxy section */

/* Begin PBXFileReference section */
		20214F852411522300455EE1 /* catsAndZombiesIOS.app */ = {isa = PBXFileReference; explicitFileType = wrapper.application; includeInIndex = 0; path = catsAndZombiesIOS.app; sourceTree = BUILT_PRODUCTS_DIR; };
		20214F882411522300455EE1 /* AppDelegate.swift */ = {isa = PBXFileReference; lastKnownFileType = sourcecode.swift; path = AppDelegate.swift; sourceTree = "<group>"; };
		20214F8A2411522300455EE1 /* SceneDelegate.swift */ = {isa = PBXFileReference; lastKnownFileType = sourcecode.swift; path = SceneDelegate.swift; sourceTree = "<group>"; };
		20214F8C2411522300455EE1 /* ViewController.swift */ = {isa = PBXFileReference; lastKnownFileType = sourcecode.swift; path = ViewController.swift; sourceTree = "<group>"; };
		20214F8F2411522300455EE1 /* Base */ = {isa = PBXFileReference; lastKnownFileType = file.storyboard; name = Base; path = Base.lproj/Main.storyboard; sourceTree = "<group>"; };
		20214F912411522400455EE1 /* Assets.xcassets */ = {isa = PBXFileReference; lastKnownFileType = folder.assetcatalog; path = Assets.xcassets; sourceTree = "<group>"; };
		20214F942411522400455EE1 /* Base */ = {isa = PBXFileReference; lastKnownFileType = file.storyboard; name = Base; path = Base.lproj/LaunchScreen.storyboard; sourceTree = "<group>"; };
		20214F962411522400455EE1 /* Info.plist */ = {isa = PBXFileReference; lastKnownFileType = text.plist.xml; path = Info.plist; sourceTree = "<group>"; };
		20214F9B2411522400455EE1 /* catsAndZombiesIOSTests.xctest */ = {isa = PBXFileReference; explicitFileType = wrapper.cfbundle; includeInIndex = 0; path = catsAndZombiesIOSTests.xctest; sourceTree = BUILT_PRODUCTS_DIR; };
		20214F9F2411522400455EE1 /* catsAndZombiesIOSTests.swift */ = {isa = PBXFileReference; lastKnownFileType = sourcecode.swift; path = catsAndZombiesIOSTests.swift; sourceTree = "<group>"; };
		20214FA12411522400455EE1 /* Info.plist */ = {isa = PBXFileReference; lastKnownFileType = text.plist.xml; path = Info.plist; sourceTree = "<group>"; };
		20214FA62411522400455EE1 /* catsAndZombiesIOSUITests.xctest */ = {isa = PBXFileReference; explicitFileType = wrapper.cfbundle; includeInIndex = 0; path = catsAndZombiesIOSUITests.xctest; sourceTree = BUILT_PRODUCTS_DIR; };
		20214FAA2411522400455EE1 /* catsAndZombiesIOSUITests.swift */ = {isa = PBXFileReference; lastKnownFileType = sourcecode.swift; path = catsAndZombiesIOSUITests.swift; sourceTree = "<group>"; };
		20214FAC2411522400455EE1 /* Info.plist */ = {isa = PBXFileReference; lastKnownFileType = text.plist.xml; path = Info.plist; sourceTree = "<group>"; };
/* End PBXFileReference section */

/* Begin PBXFrameworksBuildPhase section */
		20214F822411522300455EE1 /* Frameworks */ = {
			isa = PBXFrameworksBuildPhase;
			buildActionMask = 2147483647;
			files = (
			);
			runOnlyForDeploymentPostprocessing = 0;
		};
		20214F982411522400455EE1 /* Frameworks */ = {
			isa = PBXFrameworksBuildPhase;
			buildActionMask = 2147483647;
			files = (
			);
			runOnlyForDeploymentPostprocessing = 0;
		};
		20214FA32411522400455EE1 /* Frameworks */ = {
			isa = PBXFrameworksBuildPhase;
			buildActionMask = 2147483647;
			files = (
			);
			runOnlyForDeploymentPostprocessing = 0;
		};
/* End PBXFrameworksBuildPhase section */

/* Begin PBXGroup section */
		20214F7C2411522300455EE1 = {
			isa = PBXGroup;
			children = (
				20214F872411522300455EE1 /* catsAndZombiesIOS */,
				20214F9E2411522400455EE1 /* catsAndZombiesIOSTests */,
				20214FA92411522400455EE1 /* catsAndZombiesIOSUITests */,
				20214F862411522300455EE1 /* Products */,
			);
			sourceTree = "<group>";
		};
		20214F862411522300455EE1 /* Products */ = {
			isa = PBXGroup;
			children = (
				20214F852411522300455EE1 /* catsAndZombiesIOS.app */,
				20214F9B2411522400455EE1 /* catsAndZombiesIOSTests.xctest */,
				20214FA62411522400455EE1 /* catsAndZombiesIOSUITests.xctest */,
			);
			name = Products;
			sourceTree = "<group>";
		};
		20214F872411522300455EE1 /* catsAndZombiesIOS */ = {
			isa = PBXGroup;
			children = (
				20214F882411522300455EE1 /* AppDelegate.swift */,
				20214F8A2411522300455EE1 /* SceneDelegate.swift */,
				20214F8C2411522300455EE1 /* ViewController.swift */,
				20214F8E2411522300455EE1 /* Main.storyboard */,
				20214F912411522400455EE1 /* Assets.xcassets */,
				20214F932411522400455EE1 /* LaunchScreen.storyboard */,
				20214F962411522400455EE1 /* Info.plist */,
			);
			path = catsAndZombiesIOS;
			sourceTree = "<group>";
		};
		20214F9E2411522400455EE1 /* catsAndZombiesIOSTests */ = {
			isa = PBXGroup;
			children = (
				20214F9F2411522400455EE1 /* catsAndZombiesIOSTests.swift */,
				20214FA12411522400455EE1 /* Info.plist */,
			);
			path = catsAndZombiesIOSTests;
			sourceTree = "<group>";
		};
		20214FA92411522400455EE1 /* catsAndZombiesIOSUITests */ = {
			isa = PBXGroup;
			children = (
				20214FAA2411522400455EE1 /* catsAndZombiesIOSUITests.swift */,
				20214FAC2411522400455EE1 /* Info.plist */,
			);
			path = catsAndZombiesIOSUITests;
			sourceTree = "<group>";
		};
/* End PBXGroup section */

/* Begin PBXNativeTarget section */
		20214F842411522300455EE1 /* catsAndZombiesIOS */ = {
			isa = PBXNativeTarget;
			buildConfigurationList = 20214FAF2411522400455EE1 /* Build configuration list for PBXNativeTarget "catsAndZombiesIOS" */;
			buildPhases = (
				20214F812411522300455EE1 /* Sources */,
				20214F822411522300455EE1 /* Frameworks */,
				20214F832411522300455EE1 /* Resources */,
			);
			buildRules = (
			);
			dependencies = (
			);
			name = catsAndZombiesIOS;
			productName = catsAndZombiesIOS;
			productReference = 20214F852411522300455EE1 /* catsAndZombiesIOS.app */;
			productType = "com.apple.product-type.application";
		};
		20214F9A2411522400455EE1 /* catsAndZombiesIOSTests */ = {
			isa = PBXNativeTarget;
			buildConfigurationList = 20214FB22411522400455EE1 /* Build configuration list for PBXNativeTarget "catsAndZombiesIOSTests" */;
			buildPhases = (
				20214F972411522400455EE1 /* Sources */,
				20214F982411522400455EE1 /* Frameworks */,
				20214F992411522400455EE1 /* Resources */,
			);
			buildRules = (
			);
			dependencies = (
				20214F9D2411522400455EE1 /* PBXTargetDependency */,
			);
			name = catsAndZombiesIOSTests;
			productName = catsAndZombiesIOSTests;
			productReference = 20214F9B2411522400455EE1 /* catsAndZombiesIOSTests.xctest */;
			productType = "com.apple.product-type.bundle.unit-test";
		};
		20214FA52411522400455EE1 /* catsAndZombiesIOSUITests */ = {
			isa = PBXNativeTarget;
			buildConfigurationList = 20214FB52411522400455EE1 /* Build configuration list for PBXNativeTarget "catsAndZombiesIOSUITests" */;
			buildPhases = (
				20214FA22411522400455EE1 /* Sources */,
				20214FA32411522400455EE1 /* Frameworks */,
				20214FA42411522400455EE1 /* Resources */,
			);
			buildRules = (
			);
			dependencies = (
				20214FA82411522400455EE1 /* PBXTargetDependency */,
			);
			name = catsAndZombiesIOSUITests;
			productName = catsAndZombiesIOSUITests;
			productReference = 20214FA62411522400455EE1 /* catsAndZombiesIOSUITests.xctest */;
			productType = "com.apple.product-type.bundle.ui-testing";
		};
/* End PBXNativeTarget section */

/* Begin PBXProject section */
		20214F7D2411522300455EE1 /* Project object */ = {
			isa = PBXProject;
			attributes = {
				LastSwiftUpdateCheck = 1130;
				LastUpgradeCheck = 1130;
				ORGANIZATIONNAME = "Emil Laudon";
				TargetAttributes = {
					20214F842411522300455EE1 = {
						CreatedOnToolsVersion = 11.3.1;
					};
					20214F9A2411522400455EE1 = {
						CreatedOnToolsVersion = 11.3.1;
						TestTargetID = 20214F842411522300455EE1;
					};
					20214FA52411522400455EE1 = {
						CreatedOnToolsVersion = 11.3.1;
						TestTargetID = 20214F842411522300455EE1;
					};
				};
			};
			buildConfigurationList = 20214F802411522300455EE1 /* Build configuration list for PBXProject "catsAndZombiesIOS" */;
			compatibilityVersion = "Xcode 9.3";
			developmentRegion = en;
			hasScannedForEncodings = 0;
			knownRegions = (
				en,
				Base,
			);
			mainGroup = 20214F7C2411522300455EE1;
			productRefGroup = 20214F862411522300455EE1 /* Products */;
			projectDirPath = "";
			projectRoot = "";
			targets = (
				20214F842411522300455EE1 /* catsAndZombiesIOS */,
				20214F9A2411522400455EE1 /* catsAndZombiesIOSTests */,
				20214FA52411522400455EE1 /* catsAndZombiesIOSUITests */,
			);
		};
/* End PBXProject section */

/* Begin PBXResourcesBuildPhase section */
		20214F832411522300455EE1 /* Resources */ = {
			isa = PBXResourcesBuildPhase;
			buildActionMask = 2147483647;
			files = (
				20214F952411522400455EE1 /* LaunchScreen.storyboard in Resources */,
				20214F922411522400455EE1 /* Assets.xcassets in Resources */,
				20214F902411522300455EE1 /* Main.storyboard in Resources */,
			);
			runOnlyForDeploymentPostprocessing = 0;
		};
		20214F992411522400455EE1 /* Resources */ = {
			isa = PBXResourcesBuildPhase;
			buildActionMask = 2147483647;
			files = (
			);
			runOnlyForDeploymentPostprocessing = 0;
		};
		20214FA42411522400455EE1 /* Resources */ = {
			isa = PBXResourcesBuildPhase;
			buildActionMask = 2147483647;
			files = (
			);
			runOnlyForDeploymentPostprocessing = 0;
		};
/* End PBXResourcesBuildPhase section */

/* Begin PBXSourcesBuildPhase section */
		20214F812411522300455EE1 /* Sources */ = {
			isa = PBXSourcesBuildPhase;
			buildActionMask = 2147483647;
			files = (
				20214F8D2411522300455EE1 /* ViewController.swift in Sources */,
				20214F892411522300455EE1 /* AppDelegate.swift in Sources */,
				20214F8B2411522300455EE1 /* SceneDelegate.swift in Sources */,
			);
			runOnlyForDeploymentPostprocessing = 0;
		};
		20214F972411522400455EE1 /* Sources */ = {
			isa = PBXSourcesBuildPhase;
			buildActionMask = 2147483647;
			files = (
				20214FA02411522400455EE1 /* catsAndZombiesIOSTests.swift in Sources */,
			);
			runOnlyForDeploymentPostprocessing = 0;
		};
		20214FA22411522400455EE1 /* Sources */ = {
			isa = PBXSourcesBuildPhase;
			buildActionMask = 2147483647;
			files = (
				20214FAB2411522400455EE1 /* catsAndZombiesIOSUITests.swift in Sources */,
			);
			runOnlyForDeploymentPostprocessing = 0;
		};
/* End PBXSourcesBuildPhase section */

/* Begin PBXTargetDependency section */
		20214F9D2411522400455EE1 /* PBXTargetDependency */ = {
			isa = PBXTargetDependency;
			target = 20214F842411522300455EE1 /* catsAndZombiesIOS */;
			targetProxy = 20214F9C2411522400455EE1 /* PBXContainerItemProxy */;
		};
		20214FA82411522400455EE1 /* PBXTargetDependency */ = {
			isa = PBXTargetDependency;
			target = 20214F842411522300455EE1 /* catsAndZombiesIOS */;
			targetProxy = 20214FA72411522400455EE1 /* PBXContainerItemProxy */;
		};
/* End PBXTargetDependency section */

/* Begin PBXVariantGroup section */
		20214F8E2411522300455EE1 /* Main.storyboard */ = {
			isa = PBXVariantGroup;
			children = (
				20214F8F2411522300455EE1 /* Base */,
			);
			name = Main.storyboard;
			sourceTree = "<group>";
		};
		20214F932411522400455EE1 /* LaunchScreen.storyboard */ = {
			isa = PBXVariantGroup;
			children = (
				20214F942411522400455EE1 /* Base */,
			);
			name = LaunchScreen.storyboard;
			sourceTree = "<group>";
		};
/* End PBXVariantGroup section */

/* Begin XCBuildConfiguration section */
		20214FAD2411522400455EE1 /* Debug */ = {
			isa = XCBuildConfiguration;
			buildSettings = {
				ALWAYS_SEARCH_USER_PATHS = NO;
				CLANG_ANALYZER_NONNULL = YES;
				CLANG_ANALYZER_NUMBER_OBJECT_CONVERSION = YES_AGGRESSIVE;
				CLANG_CXX_LANGUAGE_STANDARD = "gnu++14";
				CLANG_CXX_LIBRARY = "libc++";
				CLANG_ENABLE_MODULES = YES;
				CLANG_ENABLE_OBJC_ARC = YES;
				CLANG_ENABLE_OBJC_WEAK = YES;
				CLANG_WARN_BLOCK_CAPTURE_AUTORELEASING = YES;
				CLANG_WARN_BOOL_CONVERSION = YES;
				CLANG_WARN_COMMA = YES;
				CLANG_WARN_CONSTANT_CONVERSION = YES;
				CLANG_WARN_DEPRECATED_OBJC_IMPLEMENTATIONS = YES;
				CLANG_WARN_DIRECT_OBJC_ISA_USAGE = YES_ERROR;
				CLANG_WARN_DOCUMENTATION_COMMENTS = YES;
				CLANG_WARN_EMPTY_BODY = YES;
				CLANG_WARN_ENUM_CONVERSION = YES;
				CLANG_WARN_INFINITE_RECURSION = YES;
				CLANG_WARN_INT_CONVERSION = YES;
				CLANG_WARN_NON_LITERAL_NULL_CONVERSION = YES;
				CLANG_WARN_OBJC_IMPLICIT_RETAIN_SELF = YES;
				CLANG_WARN_OBJC_LITERAL_CONVERSION = YES;
				CLANG_WARN_OBJC_ROOT_CLASS = YES_ERROR;
				CLANG_WARN_RANGE_LOOP_ANALYSIS = YES;
				CLANG_WARN_STRICT_PROTOTYPES = YES;
				CLANG_WARN_SUSPICIOUS_MOVE = YES;
				CLANG_WARN_UNGUARDED_AVAILABILITY = YES_AGGRESSIVE;
				CLANG_WARN_UNREACHABLE_CODE = YES;
				CLANG_WARN__DUPLICATE_METHOD_MATCH = YES;
				COPY_PHASE_STRIP = NO;
				DEBUG_INFORMATION_FORMAT = dwarf;
				ENABLE_STRICT_OBJC_MSGSEND = YES;
				ENABLE_TESTABILITY = YES;
				GCC_C_LANGUAGE_STANDARD = gnu11;
				GCC_DYNAMIC_NO_PIC = NO;
				GCC_NO_COMMON_BLOCKS = YES;
				GCC_OPTIMIZATION_LEVEL = 0;
				GCC_PREPROCESSOR_DEFINITIONS = (
					"DEBUG=1",
					"$(inherited)",
				);
				GCC_WARN_64_TO_32_BIT_CONVERSION = YES;
				GCC_WARN_ABOUT_RETURN_TYPE = YES_ERROR;
				GCC_WARN_UNDECLARED_SELECTOR = YES;
				GCC_WARN_UNINITIALIZED_AUTOS = YES_AGGRESSIVE;
				GCC_WARN_UNUSED_FUNCTION = YES;
				GCC_WARN_UNUSED_VARIABLE = YES;
				IPHONEOS_DEPLOYMENT_TARGET = 13.2;
				MTL_ENABLE_DEBUG_INFO = INCLUDE_SOURCE;
				MTL_FAST_MATH = YES;
				ONLY_ACTIVE_ARCH = YES;
				SDKROOT = iphoneos;
				SWIFT_ACTIVE_COMPILATION_CONDITIONS = DEBUG;
				SWIFT_OPTIMIZATION_LEVEL = "-Onone";
			};
			name = Debug;
		};
		20214FAE2411522400455EE1 /* Release */ = {
			isa = XCBuildConfiguration;
			buildSettings = {
				ALWAYS_SEARCH_USER_PATHS = NO;
				CLANG_ANALYZER_NONNULL = YES;
				CLANG_ANALYZER_NUMBER_OBJECT_CONVERSION = YES_AGGRESSIVE;
				CLANG_CXX_LANGUAGE_STANDARD = "gnu++14";
				CLANG_CXX_LIBRARY = "libc++";
				CLANG_ENABLE_MODULES = YES;
				CLANG_ENABLE_OBJC_ARC = YES;
				CLANG_ENABLE_OBJC_WEAK = YES;
				CLANG_WARN_BLOCK_CAPTURE_AUTORELEASING = YES;
				CLANG_WARN_BOOL_CONVERSION = YES;
				CLANG_WARN_COMMA = YES;
				CLANG_WARN_CONSTANT_CONVERSION = YES;
				CLANG_WARN_DEPRECATED_OBJC_IMPLEMENTATIONS = YES;
				CLANG_WARN_DIRECT_OBJC_ISA_USAGE = YES_ERROR;
				CLANG_WARN_DOCUMENTATION_COMMENTS = YES;
				CLANG_WARN_EMPTY_BODY = YES;
				CLANG_WARN_ENUM_CONVERSION = YES;
				CLANG_WARN_INFINITE_RECURSION = YES;
				CLANG_WARN_INT_CONVERSION = YES;
				CLANG_WARN_NON_LITERAL_NULL_CONVERSION = YES;
				CLANG_WARN_OBJC_IMPLICIT_RETAIN_SELF = YES;
				CLANG_WARN_OBJC_LITERAL_CONVERSION = YES;
				CLANG_WARN_OBJC_ROOT_CLASS = YES_ERROR;
				CLANG_WARN_RANGE_LOOP_ANALYSIS = YES;
				CLANG_WARN_STRICT_PROTOTYPES = YES;
				CLANG_WARN_SUSPICIOUS_MOVE = YES;
				CLANG_WARN_UNGUARDED_AVAILABILITY = YES_AGGRESSIVE;
				CLANG_WARN_UNREACHABLE_CODE = YES;
				CLANG_WARN__DUPLICATE_METHOD_MATCH = YES;
				COPY_PHASE_STRIP = NO;
				DEBUG_INFORMATION_FORMAT = "dwarf-with-dsym";
				ENABLE_NS_ASSERTIONS = NO;
				ENABLE_STRICT_OBJC_MSGSEND = YES;
				GCC_C_LANGUAGE_STANDARD = gnu11;
				GCC_NO_COMMON_BLOCKS = YES;
				GCC_WARN_64_TO_32_BIT_CONVERSION = YES;
				GCC_WARN_ABOUT_RETURN_TYPE = YES_ERROR;
				GCC_WARN_UNDECLARED_SELECTOR = YES;
				GCC_WARN_UNINITIALIZED_AUTOS = YES_AGGRESSIVE;
				GCC_WARN_UNUSED_FUNCTION = YES;
				GCC_WARN_UNUSED_VARIABLE = YES;
				IPHONEOS_DEPLOYMENT_TARGET = 13.2;
				MTL_ENABLE_DEBUG_INFO = NO;
				MTL_FAST_MATH = YES;
				SDKROOT = iphoneos;
				SWIFT_COMPILATION_MODE = wholemodule;
				SWIFT_OPTIMIZATION_LEVEL = "-O";
				VALIDATE_PRODUCT = YES;
			};
			name = Release;
		};
		20214FB02411522400455EE1 /* Debug */ = {
			isa = XCBuildConfiguration;
			buildSettings = {
				ASSETCATALOG_COMPILER_APPICON_NAME = AppIcon;
				CODE_SIGN_STYLE = Automatic;
				INFOPLIST_FILE = catsAndZombiesIOS/Info.plist;
				LD_RUNPATH_SEARCH_PATHS = (
					"$(inherited)",
					"@executable_path/Frameworks",
				);
				PRODUCT_BUNDLE_IDENTIFIER = com.example.catsAndZombiesIOS;
				PRODUCT_NAME = "$(TARGET_NAME)";
				SWIFT_VERSION = 5.0;
				TARGETED_DEVICE_FAMILY = "1,2";
			};
			name = Debug;
		};
		20214FB12411522400455EE1 /* Release */ = {
			isa = XCBuildConfiguration;
			buildSettings = {
				ASSETCATALOG_COMPILER_APPICON_NAME = AppIcon;
				CODE_SIGN_STYLE = Automatic;
				INFOPLIST_FILE = catsAndZombiesIOS/Info.plist;
				LD_RUNPATH_SEARCH_PATHS = (
					"$(inherited)",
					"@executable_path/Frameworks",
				);
				PRODUCT_BUNDLE_IDENTIFIER = com.example.catsAndZombiesIOS;
				PRODUCT_NAME = "$(TARGET_NAME)";
				SWIFT_VERSION = 5.0;
				TARGETED_DEVICE_FAMILY = "1,2";
			};
			name = Release;
		};
		20214FB32411522400455EE1 /* Debug */ = {
			isa = XCBuildConfiguration;
			buildSettings = {
				ALWAYS_EMBED_SWIFT_STANDARD_LIBRARIES = YES;
				BUNDLE_LOADER = "$(TEST_HOST)";
				CODE_SIGN_STYLE = Automatic;
				INFOPLIST_FILE = catsAndZombiesIOSTests/Info.plist;
				IPHONEOS_DEPLOYMENT_TARGET = 13.2;
				LD_RUNPATH_SEARCH_PATHS = (
					"$(inherited)",
					"@executable_path/Frameworks",
					"@loader_path/Frameworks",
				);
				PRODUCT_BUNDLE_IDENTIFIER = com.example.catsAndZombiesIOSTests;
				PRODUCT_NAME = "$(TARGET_NAME)";
				SWIFT_VERSION = 5.0;
				TARGETED_DEVICE_FAMILY = "1,2";
				TEST_HOST = "$(BUILT_PRODUCTS_DIR)/catsAndZombiesIOS.app/catsAndZombiesIOS";
			};
			name = Debug;
		};
		20214FB42411522400455EE1 /* Release */ = {
			isa = XCBuildConfiguration;
			buildSettings = {
				ALWAYS_EMBED_SWIFT_STANDARD_LIBRARIES = YES;
				BUNDLE_LOADER = "$(TEST_HOST)";
				CODE_SIGN_STYLE = Automatic;
				INFOPLIST_FILE = catsAndZombiesIOSTests/Info.plist;
				IPHONEOS_DEPLOYMENT_TARGET = 13.2;
				LD_RUNPATH_SEARCH_PATHS = (
					"$(inherited)",
					"@executable_path/Frameworks",
					"@loader_path/Frameworks",
				);
				PRODUCT_BUNDLE_IDENTIFIER = com.example.catsAndZombiesIOSTests;
				PRODUCT_NAME = "$(TARGET_NAME)";
				SWIFT_VERSION = 5.0;
				TARGETED_DEVICE_FAMILY = "1,2";
				TEST_HOST = "$(BUILT_PRODUCTS_DIR)/catsAndZombiesIOS.app/catsAndZombiesIOS";
			};
			name = Release;
		};
		20214FB62411522400455EE1 /* Debug */ = {
			isa = XCBuildConfiguration;
			buildSettings = {
				ALWAYS_EMBED_SWIFT_STANDARD_LIBRARIES = YES;
				CODE_SIGN_STYLE = Automatic;
				INFOPLIST_FILE = catsAndZombiesIOSUITests/Info.plist;
				LD_RUNPATH_SEARCH_PATHS = (
					"$(inherited)",
					"@executable_path/Frameworks",
					"@loader_path/Frameworks",
				);
				PRODUCT_BUNDLE_IDENTIFIER = com.example.catsAndZombiesIOSUITests;
				PRODUCT_NAME = "$(TARGET_NAME)";
				SWIFT_VERSION = 5.0;
				TARGETED_DEVICE_FAMILY = "1,2";
				TEST_TARGET_NAME = catsAndZombiesIOS;
			};
			name = Debug;
		};
		20214FB72411522400455EE1 /* Release */ = {
			isa = XCBuildConfiguration;
			buildSettings = {
				ALWAYS_EMBED_SWIFT_STANDARD_LIBRARIES = YES;
				CODE_SIGN_STYLE = Automatic;
				INFOPLIST_FILE = catsAndZombiesIOSUITests/Info.plist;
				LD_RUNPATH_SEARCH_PATHS = (
					"$(inherited)",
					"@executable_path/Frameworks",
					"@loader_path/Frameworks",
				);
				PRODUCT_BUNDLE_IDENTIFIER = com.example.catsAndZombiesIOSUITests;
				PRODUCT_NAME = "$(TARGET_NAME)";
				SWIFT_VERSION = 5.0;
				TARGETED_DEVICE_FAMILY = "1,2";
				TEST_TARGET_NAME = catsAndZombiesIOS;
			};
			name = Release;
		};
/* End XCBuildConfiguration section */

/* Begin XCConfigurationList section */
		20214F802411522300455EE1 /* Build configuration list for PBXProject "catsAndZombiesIOS" */ = {
			isa = XCConfigurationList;
			buildConfigurations = (
				20214FAD2411522400455EE1 /* Debug */,
				20214FAE2411522400455EE1 /* Release */,
			);
			defaultConfigurationIsVisible = 0;
			defaultConfigurationName = Release;
		};
		20214FAF2411522400455EE1 /* Build configuration list for PBXNativeTarget "catsAndZombiesIOS" */ = {
			isa = XCConfigurationList;
			buildConfigurations = (
				20214FB02411522400455EE1 /* Debug */,
				20214FB12411522400455EE1 /* Release */,
			);
			defaultConfigurationIsVisible = 0;
			defaultConfigurationName = Release;
		};
		20214FB22411522400455EE1 /* Build configuration list for PBXNativeTarget "catsAndZombiesIOSTests" */ = {
			isa = XCConfigurationList;
			buildConfigurations = (
				20214FB32411522400455EE1 /* Debug */,
				20214FB42411522400455EE1 /* Release */,
			);
			defaultConfigurationIsVisible = 0;
			defaultConfigurationName = Release;
		};
		20214FB52411522400455EE1 /* Build configuration list for PBXNativeTarget "catsAndZombiesIOSUITests" */ = {
			isa = XCConfigurationList;
			buildConfigurations = (
				20214FB62411522400455EE1 /* Debug */,
				20214FB72411522400455EE1 /* Release */,
			);
			defaultConfigurationIsVisible = 0;
			defaultConfigurationName = Release;
		};
/* End XCConfigurationList section */
	};
	rootObject = 20214F7D2411522300455EE1 /* Project object */;
}
